
Microsoft Visual Studio Solution File, Format Version 12.00
# Visual Studio 14
VisualStudioVersion = 14.0.25123.0
MinimumVisualStudioVersion = 10.0.40219.1
Project("{FAE04EC0-301F-11D3-BF4B-00C04F79EFBC}") = "CQRS", "CQRS\CQRS.csproj", "{3B17C592-1468-472E-9E48-252D2415D36B}"
EndProject
Project("{FAE04EC0-301F-11D3-BF4B-00C04F79EFBC}") = "CQRS.Tests.Unit", "CQRS.Tests.Unit\CQRS.Tests.Unit.csproj", "{D85DDD03-B5C7-42FC-A0D4-B2AFB009EBCD}"
EndProject
Global
	GlobalSection(SolutionConfigurationPlatforms) = preSolution
		Debug|Any CPU = Debug|Any CPU
		Release|Any CPU = Release|Any CPU
	EndGlobalSection
	GlobalSection(ProjectConfigurationPlatforms) = postSolution
		{3B17C592-1468-472E-9E48-252D2415D36B}.Debug|Any CPU.ActiveCfg = Debug|Any CPU
		{3B17C592-1468-472E-9E48-252D2415D36B}.Debug|Any CPU.Build.0 = Debug|Any CPU
		{3B17C592-1468-472E-9E48-252D2415D36B}.Release|Any CPU.ActiveCfg = Release|Any CPU
		{3B17C592-1468-472E-9E48-252D2415D36B}.Release|Any CPU.Build.0 = Release|Any CPU
		{D85DDD03-B5C7-42FC-A0D4-B2AFB009EBCD}.Debug|Any CPU.ActiveCfg = Debug|Any CPU
		{D85DDD03-B5C7-42FC-A0D4-B2AFB009EBCD}.Debug|Any CPU.Build.0 = Debug|Any CPU
		{D85DDD03-B5C7-42FC-A0D4-B2AFB009EBCD}.Release|Any CPU.ActiveCfg = Release|Any CPU
		{D85DDD03-B5C7-42FC-A0D4-B2AFB009EBCD}.Release|Any CPU.Build.0 = Release|Any CPU
	EndGlobalSection
	GlobalSection(SolutionProperties) = preSolution
		HideSolutionNode = FALSE
	EndGlobalSection
EndGlobal
